
Microsoft Visual Studio Solution File, Format Version 12.00
# Visual Studio Version 16
VisualStudioVersion = 16.0.28803.202
MinimumVisualStudioVersion = 10.0.40219.1
Project("{FAE04EC0-301F-11D3-BF4B-00C04F79EFBC}") = "Sistema.Entidades", "Sistema.Entidades\Sistema.Entidades.csproj", "{9389C358-9675-4729-9E22-0BA0BAC4EEDA}"
EndProject
Project("{FAE04EC0-301F-11D3-BF4B-00C04F79EFBC}") = "Sistema.Datos", "Sistema.Datos\Sistema.Datos.csproj", "{734FE765-8A0F-49AC-9E2F-62CF41847E25}"
EndProject
Project("{FAE04EC0-301F-11D3-BF4B-00C04F79EFBC}") = "Sistema.Web", "Sistema.Web\Sistema.Web.csproj", "{7DF598D1-1DA1-4E75-8456-0AD8118799FD}"
EndProject
Global
	GlobalSection(SolutionConfigurationPlatforms) = preSolution
		Debug|Any CPU = Debug|Any CPU
		Release|Any CPU = Release|Any CPU
	EndGlobalSection
	GlobalSection(ProjectConfigurationPlatforms) = postSolution
		{9389C358-9675-4729-9E22-0BA0BAC4EEDA}.Debug|Any CPU.ActiveCfg = Debug|Any CPU
		{9389C358-9675-4729-9E22-0BA0BAC4EEDA}.Debug|Any CPU.Build.0 = Debug|Any CPU
		{9389C358-9675-4729-9E22-0BA0BAC4EEDA}.Release|Any CPU.ActiveCfg = Release|Any CPU
		{9389C358-9675-4729-9E22-0BA0BAC4EEDA}.Release|Any CPU.Build.0 = Release|Any CPU
		{734FE765-8A0F-49AC-9E2F-62CF41847E25}.Debug|Any CPU.ActiveCfg = Debug|Any CPU
		{734FE765-8A0F-49AC-9E2F-62CF41847E25}.Debug|Any CPU.Build.0 = Debug|Any CPU
		{734FE765-8A0F-49AC-9E2F-62CF41847E25}.Release|Any CPU.ActiveCfg = Release|Any CPU
		{734FE765-8A0F-49AC-9E2F-62CF41847E25}.Release|Any CPU.Build.0 = Release|Any CPU
		{7DF598D1-1DA1-4E75-8456-0AD8118799FD}.Debug|Any CPU.ActiveCfg = Debug|Any CPU
		{7DF598D1-1DA1-4E75-8456-0AD8118799FD}.Debug|Any CPU.Build.0 = Debug|Any CPU
		{7DF598D1-1DA1-4E75-8456-0AD8118799FD}.Release|Any CPU.ActiveCfg = Release|Any CPU
		{7DF598D1-1DA1-4E75-8456-0AD8118799FD}.Release|Any CPU.Build.0 = Release|Any CPU
	EndGlobalSection
	GlobalSection(SolutionProperties) = preSolution
		HideSolutionNode = FALSE
	EndGlobalSection
	GlobalSection(ExtensibilityGlobals) = postSolution
		SolutionGuid = {7F3D6017-BD67-4C2C-A210-4C8B576C3585}
	EndGlobalSection
EndGlobal
